
Microsoft Visual Studio Solution File, Format Version 12.00
# Visual Studio 2013
VisualStudioVersion = 12.0.31101.0
MinimumVisualStudioVersion = 10.0.40219.1
Project("{FAE04EC0-301F-11D3-BF4B-00C04F79EFBC}") = "AngielskiWebApi", "AngielskiWebApi\AngielskiWebApi.csproj", "{F310A042-B8CC-48F6-AF12-7CF522CDEC6D}"
EndProject
Project("{FAE04EC0-301F-11D3-BF4B-00C04F79EFBC}") = "Database", "Database\Database.csproj", "{3F51E0CB-E635-4DCB-ACEB-8D3CB9C9B221}"
EndProject
Global
	GlobalSection(SolutionConfigurationPlatforms) = preSolution
		Debug|Any CPU = Debug|Any CPU
		Release|Any CPU = Release|Any CPU
	EndGlobalSection
	GlobalSection(ProjectConfigurationPlatforms) = postSolution
		{F310A042-B8CC-48F6-AF12-7CF522CDEC6D}.Debug|Any CPU.ActiveCfg = Debug|Any CPU
		{F310A042-B8CC-48F6-AF12-7CF522CDEC6D}.Debug|Any CPU.Build.0 = Debug|Any CPU
		{F310A042-B8CC-48F6-AF12-7CF522CDEC6D}.Release|Any CPU.ActiveCfg = Release|Any CPU
		{F310A042-B8CC-48F6-AF12-7CF522CDEC6D}.Release|Any CPU.Build.0 = Release|Any CPU
		{3F51E0CB-E635-4DCB-ACEB-8D3CB9C9B221}.Debug|Any CPU.ActiveCfg = Debug|Any CPU
		{3F51E0CB-E635-4DCB-ACEB-8D3CB9C9B221}.Debug|Any CPU.Build.0 = Debug|Any CPU
		{3F51E0CB-E635-4DCB-ACEB-8D3CB9C9B221}.Release|Any CPU.ActiveCfg = Release|Any CPU
		{3F51E0CB-E635-4DCB-ACEB-8D3CB9C9B221}.Release|Any CPU.Build.0 = Release|Any CPU
	EndGlobalSection
	GlobalSection(SolutionProperties) = preSolution
		HideSolutionNode = FALSE
	EndGlobalSection
EndGlobal
